# This file is autogenerated, do not edit; changes may be undone by the next 'dep ensure'.


[[projects]]
  branch = "master"
  digest = "1:59f1fb7cb69b1cfd10ff3f3a9d7ace5b9663e5e7d59b9713d01947828e7dbd99"
  name = "github.com/kolo/xmlrpc"
  packages = ["."]
  pruneopts = "UT"
  revision = "959962c1b48bbdbfbba4d59d58a8c15ff3fb9b22"

[[projects]]
  digest = "1:53bc4cd4914cd7cd52139990d5170d6dc99067ae31c56530621b18b35fc30318"
  name = "github.com/mitchellh/mapstructure"
  packages = ["."]
  pruneopts = "UT"
  revision = "3536a929edddb9a5b34bd6861dc4a9647cb459fe"
  version = "v1.1.2"

[solve-meta]
  analyzer-name = "dep"
  analyzer-version = 1
  input-imports = [
    "github.com/kolo/xmlrpc",
    "github.com/mitchellh/mapstructure",
  ]
  solver-name = "gps-cdcl"
  solver-version = 1
